// !$*UTF8*$!
{
	archiveVersion = 1;
	classes = {
	};
	objectVersion = 55;
	objects = {

/* Begin PBXBuildFile section */
		23689CFA286F3C3D00F2D3A8 /* DemoSwiftUIApp.swift in Sources */ = {isa = PBXBuildFile; fileRef = 23689CF9286F3C3D00F2D3A8 /* DemoSwiftUIApp.swift */; };
		23689CFC286F3C3D00F2D3A8 /* PageView1.swift in Sources */ = {isa = PBXBuildFile; fileRef = 23689CFB286F3C3D00F2D3A8 /* PageView1.swift */; };
		23689CFE286F3C3F00F2D3A8 /* Assets.xcassets in Resources */ = {isa = PBXBuildFile; fileRef = 23689CFD286F3C3F00F2D3A8 /* Assets.xcassets */; };
		23689D01286F3C3F00F2D3A8 /* Preview Assets.xcassets in Resources */ = {isa = PBXBuildFile; fileRef = 23689D00286F3C3F00F2D3A8 /* Preview Assets.xcassets */; };
		23729719287A753F0045130A /* PageView3.swift in Sources */ = {isa = PBXBuildFile; fileRef = 23729718287A753F0045130A /* PageView3.swift */; };
		2372971B287A9ECD0045130A /* PageView4.swift in Sources */ = {isa = PBXBuildFile; fileRef = 2372971A287A9ECD0045130A /* PageView4.swift */; };
		2372971D287BA90E0045130A /* PageView5.swift in Sources */ = {isa = PBXBuildFile; fileRef = 2372971C287BA90E0045130A /* PageView5.swift */; };
		2372971F287BC9940045130A /* PageView6.swift in Sources */ = {isa = PBXBuildFile; fileRef = 2372971E287BC9940045130A /* PageView6.swift */; };
		23729721287BFF4E0045130A /* PageView7.swift in Sources */ = {isa = PBXBuildFile; fileRef = 23729720287BFF4E0045130A /* PageView7.swift */; };
		23AD2BB1287921E100E8B521 /* PageView2.swift in Sources */ = {isa = PBXBuildFile; fileRef = 23AD2BB0287921E100E8B521 /* PageView2.swift */; };
		63A2B3C6287D1E60008C759F /* PageView8.swift in Sources */ = {isa = PBXBuildFile; fileRef = 63A2B3C5287D1E60008C759F /* PageView8.swift */; };
/* End PBXBuildFile section */

/* Begin PBXFileReference section */
		23689CF6286F3C3D00F2D3A8 /* DemoSwiftUI.app */ = {isa = PBXFileReference; explicitFileType = wrapper.application; includeInIndex = 0; path = DemoSwiftUI.app; sourceTree = BUILT_PRODUCTS_DIR; };
		23689CF9286F3C3D00F2D3A8 /* DemoSwiftUIApp.swift */ = {isa = PBXFileReference; lastKnownFileType = sourcecode.swift; path = DemoSwiftUIApp.swift; sourceTree = "<group>"; };
		23689CFB286F3C3D00F2D3A8 /* PageView1.swift */ = {isa = PBXFileReference; lastKnownFileType = sourcecode.swift; path = PageView1.swift; sourceTree = "<group>"; };
		23689CFD286F3C3F00F2D3A8 /* Assets.xcassets */ = {isa = PBXFileReference; lastKnownFileType = folder.assetcatalog; path = Assets.xcassets; sourceTree = "<group>"; };
		23689D00286F3C3F00F2D3A8 /* Preview Assets.xcassets */ = {isa = PBXFileReference; lastKnownFileType = folder.assetcatalog; path = "Preview Assets.xcassets"; sourceTree = "<group>"; };
		23729718287A753F0045130A /* PageView3.swift */ = {isa = PBXFileReference; lastKnownFileType = sourcecode.swift; path = PageView3.swift; sourceTree = "<group>"; };
		2372971A287A9ECD0045130A /* PageView4.swift */ = {isa = PBXFileReference; lastKnownFileType = sourcecode.swift; path = PageView4.swift; sourceTree = "<group>"; };
		2372971C287BA90E0045130A /* PageView5.swift */ = {isa = PBXFileReference; lastKnownFileType = sourcecode.swift; path = PageView5.swift; sourceTree = "<group>"; };
		2372971E287BC9940045130A /* PageView6.swift */ = {isa = PBXFileReference; lastKnownFileType = sourcecode.swift; path = PageView6.swift; sourceTree = "<group>"; };
		23729720287BFF4E0045130A /* PageView7.swift */ = {isa = PBXFileReference; lastKnownFileType = sourcecode.swift; path = PageView7.swift; sourceTree = "<group>"; };
		23AD2BB0287921E100E8B521 /* PageView2.swift */ = {isa = PBXFileReference; lastKnownFileType = sourcecode.swift; path = PageView2.swift; sourceTree = "<group>"; };
		63A2B3C5287D1E60008C759F /* PageView8.swift */ = {isa = PBXFileReference; lastKnownFileType = sourcecode.swift; path = PageView8.swift; sourceTree = "<group>"; };
/* End PBXFileReference section */

/* Begin PBXFrameworksBuildPhase section */
		23689CF3286F3C3D00F2D3A8 /* Frameworks */ = {
			isa = PBXFrameworksBuildPhase;
			buildActionMask = 2147483647;
			files = (
			);
			runOnlyForDeploymentPostprocessing = 0;
		};
/* End PBXFrameworksBuildPhase section */

/* Begin PBXGroup section */
		23689CED286F3C3D00F2D3A8 = {
			isa = PBXGroup;
			children = (
				23689CF8286F3C3D00F2D3A8 /* DemoSwiftUI */,
				23689CF7286F3C3D00F2D3A8 /* Products */,
			);
			sourceTree = "<group>";
		};
		23689CF7286F3C3D00F2D3A8 /* Products */ = {
			isa = PBXGroup;
			children = (
				23689CF6286F3C3D00F2D3A8 /* DemoSwiftUI.app */,
			);
			name = Products;
			sourceTree = "<group>";
		};
		23689CF8286F3C3D00F2D3A8 /* DemoSwiftUI */ = {
			isa = PBXGroup;
			children = (
				23689CFD286F3C3F00F2D3A8 /* Assets.xcassets */,
				23689CF9286F3C3D00F2D3A8 /* DemoSwiftUIApp.swift */,
				23689CFB286F3C3D00F2D3A8 /* PageView1.swift */,
				23AD2BB0287921E100E8B521 /* PageView2.swift */,
				23729718287A753F0045130A /* PageView3.swift */,
				2372971A287A9ECD0045130A /* PageView4.swift */,
				2372971C287BA90E0045130A /* PageView5.swift */,
				2372971E287BC9940045130A /* PageView6.swift */,
				23729720287BFF4E0045130A /* PageView7.swift */,
				63A2B3C5287D1E60008C759F /* PageView8.swift */,
				23689CFF286F3C3F00F2D3A8 /* Preview Content */,
			);
			path = DemoSwiftUI;
			sourceTree = "<group>";
		};
		23689CFF286F3C3F00F2D3A8 /* Preview Content */ = {
			isa = PBXGroup;
			children = (
				23689D00286F3C3F00F2D3A8 /* Preview Assets.xcassets */,
			);
			path = "Preview Content";
			sourceTree = "<group>";
		};
/* End PBXGroup section */

/* Begin PBXNativeTarget section */
		23689CF5286F3C3D00F2D3A8 /* DemoSwiftUI */ = {
			isa = PBXNativeTarget;
			buildConfigurationList = 23689D04286F3C3F00F2D3A8 /* Build configuration list for PBXNativeTarget "DemoSwiftUI" */;
			buildPhases = (
				23689CF2286F3C3D00F2D3A8 /* Sources */,
				23689CF3286F3C3D00F2D3A8 /* Frameworks */,
				23689CF4286F3C3D00F2D3A8 /* Resources */,
			);
			buildRules = (
			);
			dependencies = (
			);
			name = DemoSwiftUI;
			productName = DemoSwiftUI;
			productReference = 23689CF6286F3C3D00F2D3A8 /* DemoSwiftUI.app */;
			productType = "com.apple.product-type.application";
		};
/* End PBXNativeTarget section */

/* Begin PBXProject section */
		23689CEE286F3C3D00F2D3A8 /* Project object */ = {
			isa = PBXProject;
			attributes = {
				BuildIndependentTargetsInParallel = 1;
				LastSwiftUpdateCheck = 1340;
				LastUpgradeCheck = 1340;
				TargetAttributes = {
					23689CF5286F3C3D00F2D3A8 = {
						CreatedOnToolsVersion = 13.4.1;
					};
				};
			};
			buildConfigurationList = 23689CF1286F3C3D00F2D3A8 /* Build configuration list for PBXProject "DemoSwiftUI" */;
			compatibilityVersion = "Xcode 13.0";
			developmentRegion = en;
			hasScannedForEncodings = 0;
			knownRegions = (
				en,
				Base,
			);
			mainGroup = 23689CED286F3C3D00F2D3A8;
			productRefGroup = 23689CF7286F3C3D00F2D3A8 /* Products */;
			projectDirPath = "";
			projectRoot = "";
			targets = (
				23689CF5286F3C3D00F2D3A8 /* DemoSwiftUI */,
			);
		};
/* End PBXProject section */

/* Begin PBXResourcesBuildPhase section */
		23689CF4286F3C3D00F2D3A8 /* Resources */ = {
			isa = PBXResourcesBuildPhase;
			buildActionMask = 2147483647;
			files = (
				23689D01286F3C3F00F2D3A8 /* Preview Assets.xcassets in Resources */,
				23689CFE286F3C3F00F2D3A8 /* Assets.xcassets in Resources */,
			);
			runOnlyForDeploymentPostprocessing = 0;
		};
/* End PBXResourcesBuildPhase section */

/* Begin PBXSourcesBuildPhase section */
		23689CF2286F3C3D00F2D3A8 /* Sources */ = {
			isa = PBXSourcesBuildPhase;
			buildActionMask = 2147483647;
			files = (
				23689CFC286F3C3D00F2D3A8 /* PageView1.swift in Sources */,
				23729721287BFF4E0045130A /* PageView7.swift in Sources */,
				2372971F287BC9940045130A /* PageView6.swift in Sources */,
				23729719287A753F0045130A /* PageView3.swift in Sources */,
				63A2B3C6287D1E60008C759F /* PageView8.swift in Sources */,
				23AD2BB1287921E100E8B521 /* PageView2.swift in Sources */,
				2372971B287A9ECD0045130A /* PageView4.swift in Sources */,
				23689CFA286F3C3D00F2D3A8 /* DemoSwiftUIApp.swift in Sources */,
				2372971D287BA90E0045130A /* PageView5.swift in Sources */,
			);
			runOnlyForDeploymentPostprocessing = 0;
		};
/* End PBXSourcesBuildPhase section */

/* Begin XCBuildConfiguration section */
		23689D02286F3C3F00F2D3A8 /* Debug */ = {
			isa = XCBuildConfiguration;
			buildSettings = {
				ALWAYS_SEARCH_USER_PATHS = NO;
				CLANG_ANALYZER_NONNULL = YES;
				CLANG_ANALYZER_NUMBER_OBJECT_CONVERSION = YES_AGGRESSIVE;
				CLANG_CXX_LANGUAGE_STANDARD = "gnu++17";
				CLANG_ENABLE_MODULES = YES;
				CLANG_ENABLE_OBJC_ARC = YES;
				CLANG_ENABLE_OBJC_WEAK = YES;
				CLANG_WARN_BLOCK_CAPTURE_AUTORELEASING = YES;
				CLANG_WARN_BOOL_CONVERSION = YES;
				CLANG_WARN_COMMA = YES;
				CLANG_WARN_CONSTANT_CONVERSION = YES;
				CLANG_WARN_DEPRECATED_OBJC_IMPLEMENTATIONS = YES;
				CLANG_WARN_DIRECT_OBJC_ISA_USAGE = YES_ERROR;
				CLANG_WARN_DOCUMENTATION_COMMENTS = YES;
				CLANG_WARN_EMPTY_BODY = YES;
				CLANG_WARN_ENUM_CONVERSION = YES;
				CLANG_WARN_INFINITE_RECURSION = YES;
				CLANG_WARN_INT_CONVERSION = YES;
				CLANG_WARN_NON_LITERAL_NULL_CONVERSION = YES;
				CLANG_WARN_OBJC_IMPLICIT_RETAIN_SELF = YES;
				CLANG_WARN_OBJC_LITERAL_CONVERSION = YES;
				CLANG_WARN_OBJC_ROOT_CLASS = YES_ERROR;
				CLANG_WARN_QUOTED_INCLUDE_IN_FRAMEWORK_HEADER = YES;
				CLANG_WARN_RANGE_LOOP_ANALYSIS = YES;
				CLANG_WARN_STRICT_PROTOTYPES = YES;
				CLANG_WARN_SUSPICIOUS_MOVE = YES;
				CLANG_WARN_UNGUARDED_AVAILABILITY = YES_AGGRESSIVE;
				CLANG_WARN_UNREACHABLE_CODE = YES;
				CLANG_WARN__DUPLICATE_METHOD_MATCH = YES;
				COPY_PHASE_STRIP = NO;
				DEBUG_INFORMATION_FORMAT = dwarf;
				ENABLE_STRICT_OBJC_MSGSEND = YES;
				ENABLE_TESTABILITY = YES;
				GCC_C_LANGUAGE_STANDARD = gnu11;
				GCC_DYNAMIC_NO_PIC = NO;
				GCC_NO_COMMON_BLOCKS = YES;
				GCC_OPTIMIZATION_LEVEL = 0;
				GCC_PREPROCESSOR_DEFINITIONS = (
					"DEBUG=1",
					"$(inherited)",
				);
				GCC_WARN_64_TO_32_BIT_CONVERSION = YES;
				GCC_WARN_ABOUT_RETURN_TYPE = YES_ERROR;
				GCC_WARN_UNDECLARED_SELECTOR = YES;
				GCC_WARN_UNINITIALIZED_AUTOS = YES_AGGRESSIVE;
				GCC_WARN_UNUSED_FUNCTION = YES;
				GCC_WARN_UNUSED_VARIABLE = YES;
				IPHONEOS_DEPLOYMENT_TARGET = 15.0;
				MTL_ENABLE_DEBUG_INFO = INCLUDE_SOURCE;
				MTL_FAST_MATH = YES;
				ONLY_ACTIVE_ARCH = YES;
				SDKROOT = iphoneos;
				SWIFT_ACTIVE_COMPILATION_CONDITIONS = DEBUG;
				SWIFT_OPTIMIZATION_LEVEL = "-Onone";
			};
			name = Debug;
		};
		23689D03286F3C3F00F2D3A8 /* Release */ = {
			isa = XCBuildConfiguration;
			buildSettings = {
				ALWAYS_SEARCH_USER_PATHS = NO;
				CLANG_ANALYZER_NONNULL = YES;
				CLANG_ANALYZER_NUMBER_OBJECT_CONVERSION = YES_AGGRESSIVE;
				CLANG_CXX_LANGUAGE_STANDARD = "gnu++17";
				CLANG_ENABLE_MODULES = YES;
				CLANG_ENABLE_OBJC_ARC = YES;
				CLANG_ENABLE_OBJC_WEAK = YES;
				CLANG_WARN_BLOCK_CAPTURE_AUTORELEASING = YES;
				CLANG_WARN_BOOL_CONVERSION = YES;
				CLANG_WARN_COMMA = YES;
				CLANG_WARN_CONSTANT_CONVERSION = YES;
				CLANG_WARN_DEPRECATED_OBJC_IMPLEMENTATIONS = YES;
				CLANG_WARN_DIRECT_OBJC_ISA_USAGE = YES_ERROR;
				CLANG_WARN_DOCUMENTATION_COMMENTS = YES;
				CLANG_WARN_EMPTY_BODY = YES;
				CLANG_WARN_ENUM_CONVERSION = YES;
				CLANG_WARN_INFINITE_RECURSION = YES;
				CLANG_WARN_INT_CONVERSION = YES;
				CLANG_WARN_NON_LITERAL_NULL_CONVERSION = YES;
				CLANG_WARN_OBJC_IMPLICIT_RETAIN_SELF = YES;
				CLANG_WARN_OBJC_LITERAL_CONVERSION = YES;
				CLANG_WARN_OBJC_ROOT_CLASS = YES_ERROR;
				CLANG_WARN_QUOTED_INCLUDE_IN_FRAMEWORK_HEADER = YES;
				CLANG_WARN_RANGE_LOOP_ANALYSIS = YES;
				CLANG_WARN_STRICT_PROTOTYPES = YES;
				CLANG_WARN_SUSPICIOUS_MOVE = YES;
				CLANG_WARN_UNGUARDED_AVAILABILITY = YES_AGGRESSIVE;
				CLANG_WARN_UNREACHABLE_CODE = YES;
				CLANG_WARN__DUPLICATE_METHOD_MATCH = YES;
				COPY_PHASE_STRIP = NO;
				DEBUG_INFORMATION_FORMAT = "dwarf-with-dsym";
				ENABLE_NS_ASSERTIONS = NO;
				ENABLE_STRICT_OBJC_MSGSEND = YES;
				GCC_C_LANGUAGE_STANDARD = gnu11;
				GCC_NO_COMMON_BLOCKS = YES;
				GCC_WARN_64_TO_32_BIT_CONVERSION = YES;
				GCC_WARN_ABOUT_RETURN_TYPE = YES_ERROR;
				GCC_WARN_UNDECLARED_SELECTOR = YES;
				GCC_WARN_UNINITIALIZED_AUTOS = YES_AGGRESSIVE;
				GCC_WARN_UNUSED_FUNCTION = YES;
				GCC_WARN_UNUSED_VARIABLE = YES;
				IPHONEOS_DEPLOYMENT_TARGET = 15.0;
				MTL_ENABLE_DEBUG_INFO = NO;
				MTL_FAST_MATH = YES;
				SDKROOT = iphoneos;
				SWIFT_COMPILATION_MODE = wholemodule;
				SWIFT_OPTIMIZATION_LEVEL = "-O";
				VALIDATE_PRODUCT = YES;
			};
			name = Release;
		};
		23689D05286F3C3F00F2D3A8 /* Debug */ = {
			isa = XCBuildConfiguration;
			buildSettings = {
				ASSETCATALOG_COMPILER_APPICON_NAME = AppIcon;
				ASSETCATALOG_COMPILER_GLOBAL_ACCENT_COLOR_NAME = AccentColor;
				CODE_SIGN_STYLE = Automatic;
				CURRENT_PROJECT_VERSION = 1;
				DEVELOPMENT_ASSET_PATHS = "\"DemoSwiftUI/Preview Content\"";
				ENABLE_PREVIEWS = YES;
				GENERATE_INFOPLIST_FILE = YES;
				INFOPLIST_KEY_UIApplicationSceneManifest_Generation = YES;
				INFOPLIST_KEY_UIApplicationSupportsIndirectInputEvents = YES;
				INFOPLIST_KEY_UILaunchScreen_Generation = YES;
				INFOPLIST_KEY_UISupportedInterfaceOrientations_iPad = "UIInterfaceOrientationPortrait UIInterfaceOrientationPortraitUpsideDown UIInterfaceOrientationLandscapeLeft UIInterfaceOrientationLandscapeRight";
				INFOPLIST_KEY_UISupportedInterfaceOrientations_iPhone = "UIInterfaceOrientationPortrait UIInterfaceOrientationLandscapeLeft UIInterfaceOrientationLandscapeRight";
				LD_RUNPATH_SEARCH_PATHS = (
					"$(inherited)",
					"@executable_path/Frameworks",
				);
				MARKETING_VERSION = 1.0;
				PRODUCT_BUNDLE_IDENTIFIER = me.jk.DemoSwiftUI;
				PRODUCT_NAME = "$(TARGET_NAME)";
				SWIFT_EMIT_LOC_STRINGS = YES;
				SWIFT_VERSION = 5.0;
				TARGETED_DEVICE_FAMILY = "1,2";
			};
			name = Debug;
		};
		23689D06286F3C3F00F2D3A8 /* Release */ = {
			isa = XCBuildConfiguration;
			buildSettings = {
				ASSETCATALOG_COMPILER_APPICON_NAME = AppIcon;
				ASSETCATALOG_COMPILER_GLOBAL_ACCENT_COLOR_NAME = AccentColor;
				CODE_SIGN_STYLE = Automatic;
				CURRENT_PROJECT_VERSION = 1;
				DEVELOPMENT_ASSET_PATHS = "\"DemoSwiftUI/Preview Content\"";
				ENABLE_PREVIEWS = YES;
				GENERATE_INFOPLIST_FILE = YES;
				INFOPLIST_KEY_UIApplicationSceneManifest_Generation = YES;
				INFOPLIST_KEY_UIApplicationSupportsIndirectInputEvents = YES;
				INFOPLIST_KEY_UILaunchScreen_Generation = YES;
				INFOPLIST_KEY_UISupportedInterfaceOrientations_iPad = "UIInterfaceOrientationPortrait UIInterfaceOrientationPortraitUpsideDown UIInterfaceOrientationLandscapeLeft UIInterfaceOrientationLandscapeRight";
				INFOPLIST_KEY_UISupportedInterfaceOrientations_iPhone = "UIInterfaceOrientationPortrait UIInterfaceOrientationLandscapeLeft UIInterfaceOrientationLandscapeRight";
				LD_RUNPATH_SEARCH_PATHS = (
					"$(inherited)",
					"@executable_path/Frameworks",
				);
				MARKETING_VERSION = 1.0;
				PRODUCT_BUNDLE_IDENTIFIER = me.jk.DemoSwiftUI;
				PRODUCT_NAME = "$(TARGET_NAME)";
				SWIFT_EMIT_LOC_STRINGS = YES;
				SWIFT_VERSION = 5.0;
				TARGETED_DEVICE_FAMILY = "1,2";
			};
			name = Release;
		};
/* End XCBuildConfiguration section */

/* Begin XCConfigurationList section */
		23689CF1286F3C3D00F2D3A8 /* Build configuration list for PBXProject "DemoSwiftUI" */ = {
			isa = XCConfigurationList;
			buildConfigurations = (
				23689D02286F3C3F00F2D3A8 /* Debug */,
				23689D03286F3C3F00F2D3A8 /* Release */,
			);
			defaultConfigurationIsVisible = 0;
			defaultConfigurationName = Release;
		};
		23689D04286F3C3F00F2D3A8 /* Build configuration list for PBXNativeTarget "DemoSwiftUI" */ = {
			isa = XCConfigurationList;
			buildConfigurations = (
				23689D05286F3C3F00F2D3A8 /* Debug */,
				23689D06286F3C3F00F2D3A8 /* Release */,
			);
			defaultConfigurationIsVisible = 0;
			defaultConfigurationName = Release;
		};
/* End XCConfigurationList section */
	};
	rootObject = 23689CEE286F3C3D00F2D3A8 /* Project object */;
}
